github.com/unixpickle/essentials v1.3.0 h1:H258Z5Uo1pVzFjxD2rwFWzHPN3s0J0jLs5kuxTRSfCs=
github.com/unixpickle/essentials v1.3.0/go.mod h1:dQ1idvqrgrDgub3mfckQm7osVPzT3u9rB6NK/LEhmtQ=
golang.org/x/net v0.30.0 h1:AcW1SDZMkb8IpzCdQUaIq2sP4sZ4zw+55h6ynffypl4=
golang.org/x/net v0.30.0/go.mod h1:2wGyMJ5iFasEhkwi13ChkO/t1ECNC4X4eBKkVFyYFlU=
